
Microsoft Visual Studio Solution File, Format Version 12.00
# Visual Studio Version 16
VisualStudioVersion = 16.0.31911.196
MinimumVisualStudioVersion = 10.0.40219.1
Project("{FAE04EC0-301F-11D3-BF4B-00C04F79EFBC}") = "PD1", "PD1\PD1.csproj", "{F8B77512-F04C-46F4-8C9B-BE484B4F100E}"
EndProject
Global
	GlobalSection(SolutionConfigurationPlatforms) = preSolution
		Debug|Any CPU = Debug|Any CPU
		Release|Any CPU = Release|Any CPU
	EndGlobalSection
	GlobalSection(ProjectConfigurationPlatforms) = postSolution
		{F8B77512-F04C-46F4-8C9B-BE484B4F100E}.Debug|Any CPU.ActiveCfg = Debug|Any CPU
		{F8B77512-F04C-46F4-8C9B-BE484B4F100E}.Debug|Any CPU.Build.0 = Debug|Any CPU
		{F8B77512-F04C-46F4-8C9B-BE484B4F100E}.Release|Any CPU.ActiveCfg = Release|Any CPU
		{F8B77512-F04C-46F4-8C9B-BE484B4F100E}.Release|Any CPU.Build.0 = Release|Any CPU
	EndGlobalSection
	GlobalSection(SolutionProperties) = preSolution
		HideSolutionNode = FALSE
	EndGlobalSection
	GlobalSection(ExtensibilityGlobals) = postSolution
		SolutionGuid = {7EAB2FA9-3079-4F2F-908F-9AA1D1768321}
	EndGlobalSection
EndGlobal
