
Microsoft Visual Studio Solution File, Format Version 12.00
# Visual Studio Version 16
VisualStudioVersion = 16.0.31911.196
MinimumVisualStudioVersion = 10.0.40219.1
Project("{FAE04EC0-301F-11D3-BF4B-00C04F79EFBC}") = "PD2", "PD2\PD2.csproj", "{84688973-8ECE-4661-9194-40527FEEADB0}"
EndProject
Global
	GlobalSection(SolutionConfigurationPlatforms) = preSolution
		Debug|Any CPU = Debug|Any CPU
		Release|Any CPU = Release|Any CPU
	EndGlobalSection
	GlobalSection(ProjectConfigurationPlatforms) = postSolution
		{84688973-8ECE-4661-9194-40527FEEADB0}.Debug|Any CPU.ActiveCfg = Debug|Any CPU
		{84688973-8ECE-4661-9194-40527FEEADB0}.Debug|Any CPU.Build.0 = Debug|Any CPU
		{84688973-8ECE-4661-9194-40527FEEADB0}.Release|Any CPU.ActiveCfg = Release|Any CPU
		{84688973-8ECE-4661-9194-40527FEEADB0}.Release|Any CPU.Build.0 = Release|Any CPU
	EndGlobalSection
	GlobalSection(SolutionProperties) = preSolution
		HideSolutionNode = FALSE
	EndGlobalSection
	GlobalSection(ExtensibilityGlobals) = postSolution
		SolutionGuid = {DB12ADD2-1F4F-4F0A-89DF-51746B2FE75A}
	EndGlobalSection
EndGlobal
